github.com/edgexfoundry/device-sdk-go/v3 v3.0.0 h1:CpHBsVkjxkZo3wtk/+xmic2XC6HU3MLG5/S51lcnd9E=
github.com/edgexfoundry/device-sdk-go/v3 v3.0.0/go.mod h1:z2C2nbnG7ZDwEyv3eA36olmlRkLUsYXEGgK6YcnpruI=
github.com/edgexfoundry/go-mod-bootstrap/v3 v3.0.1 h1:gXVxaZPcRJl2MhCIK/GOXZnQL+21xOUpGDTLTcVCxSk=
github.com/edgexfoundry/go-mod-bootstrap/v3 v3.0.1/go.mod h1:Or09TpF5HF3FjlqX3kJEFhBCsTvbHY0Nu28UF0MvB3w=
github.com/edgexfoundry/go-mod-core-contracts/v3 v3.0.0 h1:xjwCI34DLM31cSl1q9XmYgXS3JqXufQJMgohnLLLDx0=
github.com/edgexfoundry/go-mod-core-contracts/v3 v3.0.0/go.mod h1:zzzWGWij6wAqm1go9TLs++TFMIsBqBb1eRnIj4mRxGw=
github.com/google/uuid v1.3.0 h1:t6JiXgmwXMjEs8VusXIJk2BXHsn+wx8BZdTaoZ5fu7I=
github.com/google/uuid v1.3.0/go.mod h1:TIyPZe4MgqvfeYDBFedMoGGpEw/LqOeaOT+nhxU+yHo=
github.com/gorilla/mux v1.8.0 h1:i40aqfkR1h2SlN9hojwV5ZA91wcXFOvkdNIeFDP5koI=
github.com/gorilla/mux v1.8.0/go.mod h1:DVbg23sWSpFRCP0SfiEN6jmj59UnW/n46BH5rLB71So=
github.com/stretchr/testify v1.2.2/go.mod h1:a8OnRcib4nhh0OaRAV+Yts87kKdq0PP7pXfy6kDkUVs=
github.com/stretchr/testify v1.3.0/go.mod h1:M5WIy9Dh21IEIfnGCwXGc5bZfKNJtfHm1UVUgZn+9EI=
github.com/stretchr/testify v1.4.0/go.mod h1:j7eGeouHqKxXV5pUuKE4zz7dFj8WfuZ+81PSLYec5m4=
github.com/stretchr/testify v1.6.1/go.mod h1:6Fq8oRcR53rry900zMqJjRRixrwX3KX962/h/Wwjteg=
github.com/stretchr/testify v1.7.0/go.mod h1:6Fq8oRcR53rry900zMqJjRRixrwX3KX962/h/Wwjteg=
github.com/stretchr/testify v1.7.1/go.mod h1:6Fq8oRcR53rry900zMqJjRRixrwX3KX962/h/Wwjteg=
github.com/stretchr/testify v1.8.0/go.mod h1:yNjHg4UonilssWZ8iaSj1OCr/vHnekPRkoO+kdMU+MU=
github.com/stretchr/testify v1.8.2/go.mod h1:w2LPCIKwWwSfY2zedu0+kehJoqGctiVI29o6fzry7u4=
github.com/stretchr/testify v1.8.4 h1:CcVxjf3Q8PM0mHUKJCdn+eZZtm5yQwehR5yeSVQQcUk=
github.com/stretchr/testify v1.8.4/go.mod h1:sz/lmYIOXD/1dqDmKjjqLyZ2RngseejIcXlSw2iwfAo=